// !$*UTF8*$!
{
	archiveVersion = 1;
	classes = {
	};
	objectVersion = 56;
	objects = {

/* Begin PBXBuildFile section */
		3C048D84297D90C500F72819 /* MovveApp.swift in Sources */ = {isa = PBXBuildFile; fileRef = 3C048D83297D90C500F72819 /* MovveApp.swift */; };
		3C048D86297D90C500F72819 /* ContentView.swift in Sources */ = {isa = PBXBuildFile; fileRef = 3C048D85297D90C500F72819 /* ContentView.swift */; };
		3C048D88297D90C600F72819 /* Assets.xcassets in Resources */ = {isa = PBXBuildFile; fileRef = 3C048D87297D90C600F72819 /* Assets.xcassets */; };
		3C048D8B297D90C600F72819 /* Preview Assets.xcassets in Resources */ = {isa = PBXBuildFile; fileRef = 3C048D8A297D90C600F72819 /* Preview Assets.xcassets */; };
		3C048D95297D90C600F72819 /* MovveTests.swift in Sources */ = {isa = PBXBuildFile; fileRef = 3C048D94297D90C600F72819 /* MovveTests.swift */; };
		3C048D9F297D90C600F72819 /* MovveUITests.swift in Sources */ = {isa = PBXBuildFile; fileRef = 3C048D9E297D90C600F72819 /* MovveUITests.swift */; };
		3C048DA1297D90C600F72819 /* MovveUITestsLaunchTests.swift in Sources */ = {isa = PBXBuildFile; fileRef = 3C048DA0297D90C600F72819 /* MovveUITestsLaunchTests.swift */; };
		3C048DB3297D92BF00F72819 /* Colors.swift in Sources */ = {isa = PBXBuildFile; fileRef = 3C048DB2297D92BF00F72819 /* Colors.swift */; };
		3C048DB6297DAA7100F72819 /* ServiceProvider.swift in Sources */ = {isa = PBXBuildFile; fileRef = 3C048DB5297DAA7100F72819 /* ServiceProvider.swift */; };
		3C048DB8297DB07F00F72819 /* RequestProvider.swift in Sources */ = {isa = PBXBuildFile; fileRef = 3C048DB7297DB07F00F72819 /* RequestProvider.swift */; };
		3C048DBA297DB0D200F72819 /* HTTPMethod.swift in Sources */ = {isa = PBXBuildFile; fileRef = 3C048DB9297DB0D200F72819 /* HTTPMethod.swift */; };
		3C048DBC297DB11900F72819 /* Host.swift in Sources */ = {isa = PBXBuildFile; fileRef = 3C048DBB297DB11900F72819 /* Host.swift */; };
		3C488617297DBBEB00353028 /* APIError.swift in Sources */ = {isa = PBXBuildFile; fileRef = 3C488616297DBBEB00353028 /* APIError.swift */; };
		3C48861A297DFAE600353028 /* Data+Decode.swift in Sources */ = {isa = PBXBuildFile; fileRef = 3C488619297DFAE600353028 /* Data+Decode.swift */; };
		3C48862A297E066200353028 /* User.swift in Sources */ = {isa = PBXBuildFile; fileRef = 3C488629297E066200353028 /* User.swift */; };
		3C9287A72980A6E7005801AA /* Realm in Frameworks */ = {isa = PBXBuildFile; productRef = 3C9287A62980A6E7005801AA /* Realm */; };
		3C9287A92980A6E7005801AA /* RealmSwift in Frameworks */ = {isa = PBXBuildFile; productRef = 3C9287A82980A6E7005801AA /* RealmSwift */; };
		3C9287AB2980C043005801AA /* Fonts.swift in Sources */ = {isa = PBXBuildFile; fileRef = 3C9287AA2980C043005801AA /* Fonts.swift */; };
		3C9287B22980C3E4005801AA /* PrimaryButtonStyle.swift in Sources */ = {isa = PBXBuildFile; fileRef = 3C9287B12980C3E4005801AA /* PrimaryButtonStyle.swift */; };
		3C9287B42980C87E005801AA /* TextFieldModifier.swift in Sources */ = {isa = PBXBuildFile; fileRef = 3C9287B32980C87E005801AA /* TextFieldModifier.swift */; };
		3C9287BD29835BA1005801AA /* CreateUserPresenter.swift in Sources */ = {isa = PBXBuildFile; fileRef = 3C9287B629835BA1005801AA /* CreateUserPresenter.swift */; };
		3C9287BE29835BA1005801AA /* CreateUserRouter.swift in Sources */ = {isa = PBXBuildFile; fileRef = 3C9287B729835BA1005801AA /* CreateUserRouter.swift */; };
		3C9287BF29835BA1005801AA /* CreateUserInteractor.swift in Sources */ = {isa = PBXBuildFile; fileRef = 3C9287B829835BA1005801AA /* CreateUserInteractor.swift */; };
		3C9287C029835BA1005801AA /* CreateUserView.swift in Sources */ = {isa = PBXBuildFile; fileRef = 3C9287B929835BA1005801AA /* CreateUserView.swift */; };
		3C9287C129835BA1005801AA /* CreateUserModel.swift in Sources */ = {isa = PBXBuildFile; fileRef = 3C9287BA29835BA1005801AA /* CreateUserModel.swift */; };
		3C9287C229835BA1005801AA /* CreateUserConfigurator.swift in Sources */ = {isa = PBXBuildFile; fileRef = 3C9287BB29835BA1005801AA /* CreateUserConfigurator.swift */; };
		3C9287C329835BA1005801AA /* CreateUserNetworkWorker.swift in Sources */ = {isa = PBXBuildFile; fileRef = 3C9287BC29835BA1005801AA /* CreateUserNetworkWorker.swift */; };
		3C9287C5298361F1005801AA /* CreateUsetDataStore.swift in Sources */ = {isa = PBXBuildFile; fileRef = 3C9287C4298361F1005801AA /* CreateUsetDataStore.swift */; };
		3CD67DB7298C0A3E003EC3D6 /* WhosWatchingPresenter.swift in Sources */ = {isa = PBXBuildFile; fileRef = 3CD67DAF298C0A3E003EC3D6 /* WhosWatchingPresenter.swift */; };
		3CD67DB8298C0A3E003EC3D6 /* WhosWatchingRouter.swift in Sources */ = {isa = PBXBuildFile; fileRef = 3CD67DB0298C0A3E003EC3D6 /* WhosWatchingRouter.swift */; };
		3CD67DB9298C0A3E003EC3D6 /* WhosWatchingDataStore.swift in Sources */ = {isa = PBXBuildFile; fileRef = 3CD67DB1298C0A3E003EC3D6 /* WhosWatchingDataStore.swift */; };
		3CD67DBA298C0A3E003EC3D6 /* WhosWatchingInteractor.swift in Sources */ = {isa = PBXBuildFile; fileRef = 3CD67DB2298C0A3E003EC3D6 /* WhosWatchingInteractor.swift */; };
		3CD67DBB298C0A3E003EC3D6 /* WhosWatchingView.swift in Sources */ = {isa = PBXBuildFile; fileRef = 3CD67DB3298C0A3E003EC3D6 /* WhosWatchingView.swift */; };
		3CD67DBC298C0A3E003EC3D6 /* WhosWatchingModel.swift in Sources */ = {isa = PBXBuildFile; fileRef = 3CD67DB4298C0A3E003EC3D6 /* WhosWatchingModel.swift */; };
		3CD67DBD298C0A3E003EC3D6 /* WhosWatchingConfigurator.swift in Sources */ = {isa = PBXBuildFile; fileRef = 3CD67DB5298C0A3E003EC3D6 /* WhosWatchingConfigurator.swift */; };
		3CD67DBE298C0A3E003EC3D6 /* WhosWatchingNetworkWorker.swift in Sources */ = {isa = PBXBuildFile; fileRef = 3CD67DB6298C0A3E003EC3D6 /* WhosWatchingNetworkWorker.swift */; };
/* End PBXBuildFile section */

/* Begin PBXContainerItemProxy section */
		3C048D91297D90C600F72819 /* PBXContainerItemProxy */ = {
			isa = PBXContainerItemProxy;
			containerPortal = 3C048D78297D90C500F72819 /* Project object */;
			proxyType = 1;
			remoteGlobalIDString = 3C048D7F297D90C500F72819;
			remoteInfo = Movve;
		};
		3C048D9B297D90C600F72819 /* PBXContainerItemProxy */ = {
			isa = PBXContainerItemProxy;
			containerPortal = 3C048D78297D90C500F72819 /* Project object */;
			proxyType = 1;
			remoteGlobalIDString = 3C048D7F297D90C500F72819;
			remoteInfo = Movve;
		};
/* End PBXContainerItemProxy section */

/* Begin PBXFileReference section */
		3C048D80297D90C500F72819 /* Movve.app */ = {isa = PBXFileReference; explicitFileType = wrapper.application; includeInIndex = 0; path = Movve.app; sourceTree = BUILT_PRODUCTS_DIR; };
		3C048D83297D90C500F72819 /* MovveApp.swift */ = {isa = PBXFileReference; lastKnownFileType = sourcecode.swift; path = MovveApp.swift; sourceTree = "<group>"; };
		3C048D85297D90C500F72819 /* ContentView.swift */ = {isa = PBXFileReference; lastKnownFileType = sourcecode.swift; path = ContentView.swift; sourceTree = "<group>"; };
		3C048D87297D90C600F72819 /* Assets.xcassets */ = {isa = PBXFileReference; lastKnownFileType = folder.assetcatalog; path = Assets.xcassets; sourceTree = "<group>"; };
		3C048D8A297D90C600F72819 /* Preview Assets.xcassets */ = {isa = PBXFileReference; lastKnownFileType = folder.assetcatalog; path = "Preview Assets.xcassets"; sourceTree = "<group>"; };
		3C048D90297D90C600F72819 /* MovveTests.xctest */ = {isa = PBXFileReference; explicitFileType = wrapper.cfbundle; includeInIndex = 0; path = MovveTests.xctest; sourceTree = BUILT_PRODUCTS_DIR; };
		3C048D94297D90C600F72819 /* MovveTests.swift */ = {isa = PBXFileReference; lastKnownFileType = sourcecode.swift; path = MovveTests.swift; sourceTree = "<group>"; };
		3C048D9A297D90C600F72819 /* MovveUITests.xctest */ = {isa = PBXFileReference; explicitFileType = wrapper.cfbundle; includeInIndex = 0; path = MovveUITests.xctest; sourceTree = BUILT_PRODUCTS_DIR; };
		3C048D9E297D90C600F72819 /* MovveUITests.swift */ = {isa = PBXFileReference; lastKnownFileType = sourcecode.swift; path = MovveUITests.swift; sourceTree = "<group>"; };
		3C048DA0297D90C600F72819 /* MovveUITestsLaunchTests.swift */ = {isa = PBXFileReference; lastKnownFileType = sourcecode.swift; path = MovveUITestsLaunchTests.swift; sourceTree = "<group>"; };
		3C048DB2297D92BF00F72819 /* Colors.swift */ = {isa = PBXFileReference; lastKnownFileType = sourcecode.swift; path = Colors.swift; sourceTree = "<group>"; };
		3C048DB5297DAA7100F72819 /* ServiceProvider.swift */ = {isa = PBXFileReference; lastKnownFileType = sourcecode.swift; path = ServiceProvider.swift; sourceTree = "<group>"; };
		3C048DB7297DB07F00F72819 /* RequestProvider.swift */ = {isa = PBXFileReference; lastKnownFileType = sourcecode.swift; path = RequestProvider.swift; sourceTree = "<group>"; };
		3C048DB9297DB0D200F72819 /* HTTPMethod.swift */ = {isa = PBXFileReference; lastKnownFileType = sourcecode.swift; path = HTTPMethod.swift; sourceTree = "<group>"; };
		3C048DBB297DB11900F72819 /* Host.swift */ = {isa = PBXFileReference; lastKnownFileType = sourcecode.swift; path = Host.swift; sourceTree = "<group>"; };
		3C488616297DBBEB00353028 /* APIError.swift */ = {isa = PBXFileReference; lastKnownFileType = sourcecode.swift; path = APIError.swift; sourceTree = "<group>"; };
		3C488619297DFAE600353028 /* Data+Decode.swift */ = {isa = PBXFileReference; lastKnownFileType = sourcecode.swift; path = "Data+Decode.swift"; sourceTree = "<group>"; };
		3C488629297E066200353028 /* User.swift */ = {isa = PBXFileReference; lastKnownFileType = sourcecode.swift; path = User.swift; sourceTree = "<group>"; };
		3C9287AA2980C043005801AA /* Fonts.swift */ = {isa = PBXFileReference; lastKnownFileType = sourcecode.swift; path = Fonts.swift; sourceTree = "<group>"; };
		3C9287B12980C3E4005801AA /* PrimaryButtonStyle.swift */ = {isa = PBXFileReference; lastKnownFileType = sourcecode.swift; path = PrimaryButtonStyle.swift; sourceTree = "<group>"; };
		3C9287B32980C87E005801AA /* TextFieldModifier.swift */ = {isa = PBXFileReference; lastKnownFileType = sourcecode.swift; path = TextFieldModifier.swift; sourceTree = "<group>"; };
		3C9287B629835BA1005801AA /* CreateUserPresenter.swift */ = {isa = PBXFileReference; lastKnownFileType = sourcecode.swift; path = CreateUserPresenter.swift; sourceTree = "<group>"; };
		3C9287B729835BA1005801AA /* CreateUserRouter.swift */ = {isa = PBXFileReference; lastKnownFileType = sourcecode.swift; path = CreateUserRouter.swift; sourceTree = "<group>"; };
		3C9287B829835BA1005801AA /* CreateUserInteractor.swift */ = {isa = PBXFileReference; lastKnownFileType = sourcecode.swift; path = CreateUserInteractor.swift; sourceTree = "<group>"; };
		3C9287B929835BA1005801AA /* CreateUserView.swift */ = {isa = PBXFileReference; lastKnownFileType = sourcecode.swift; path = CreateUserView.swift; sourceTree = "<group>"; };
		3C9287BA29835BA1005801AA /* CreateUserModel.swift */ = {isa = PBXFileReference; lastKnownFileType = sourcecode.swift; path = CreateUserModel.swift; sourceTree = "<group>"; };
		3C9287BB29835BA1005801AA /* CreateUserConfigurator.swift */ = {isa = PBXFileReference; lastKnownFileType = sourcecode.swift; path = CreateUserConfigurator.swift; sourceTree = "<group>"; };
		3C9287BC29835BA1005801AA /* CreateUserNetworkWorker.swift */ = {isa = PBXFileReference; lastKnownFileType = sourcecode.swift; path = CreateUserNetworkWorker.swift; sourceTree = "<group>"; };
		3C9287C4298361F1005801AA /* CreateUsetDataStore.swift */ = {isa = PBXFileReference; lastKnownFileType = sourcecode.swift; path = CreateUsetDataStore.swift; sourceTree = "<group>"; };
		3CD67DAF298C0A3E003EC3D6 /* WhosWatchingPresenter.swift */ = {isa = PBXFileReference; lastKnownFileType = sourcecode.swift; path = WhosWatchingPresenter.swift; sourceTree = "<group>"; };
		3CD67DB0298C0A3E003EC3D6 /* WhosWatchingRouter.swift */ = {isa = PBXFileReference; lastKnownFileType = sourcecode.swift; path = WhosWatchingRouter.swift; sourceTree = "<group>"; };
		3CD67DB1298C0A3E003EC3D6 /* WhosWatchingDataStore.swift */ = {isa = PBXFileReference; lastKnownFileType = sourcecode.swift; path = WhosWatchingDataStore.swift; sourceTree = "<group>"; };
		3CD67DB2298C0A3E003EC3D6 /* WhosWatchingInteractor.swift */ = {isa = PBXFileReference; lastKnownFileType = sourcecode.swift; path = WhosWatchingInteractor.swift; sourceTree = "<group>"; };
		3CD67DB3298C0A3E003EC3D6 /* WhosWatchingView.swift */ = {isa = PBXFileReference; lastKnownFileType = sourcecode.swift; path = WhosWatchingView.swift; sourceTree = "<group>"; };
		3CD67DB4298C0A3E003EC3D6 /* WhosWatchingModel.swift */ = {isa = PBXFileReference; lastKnownFileType = sourcecode.swift; path = WhosWatchingModel.swift; sourceTree = "<group>"; };
		3CD67DB5298C0A3E003EC3D6 /* WhosWatchingConfigurator.swift */ = {isa = PBXFileReference; lastKnownFileType = sourcecode.swift; path = WhosWatchingConfigurator.swift; sourceTree = "<group>"; };
		3CD67DB6298C0A3E003EC3D6 /* WhosWatchingNetworkWorker.swift */ = {isa = PBXFileReference; lastKnownFileType = sourcecode.swift; path = WhosWatchingNetworkWorker.swift; sourceTree = "<group>"; };
/* End PBXFileReference section */

/* Begin PBXFrameworksBuildPhase section */
		3C048D7D297D90C500F72819 /* Frameworks */ = {
			isa = PBXFrameworksBuildPhase;
			buildActionMask = 2147483647;
			files = (
				3C9287A92980A6E7005801AA /* RealmSwift in Frameworks */,
				3C9287A72980A6E7005801AA /* Realm in Frameworks */,
			);
			runOnlyForDeploymentPostprocessing = 0;
		};
		3C048D8D297D90C600F72819 /* Frameworks */ = {
			isa = PBXFrameworksBuildPhase;
			buildActionMask = 2147483647;
			files = (
			);
			runOnlyForDeploymentPostprocessing = 0;
		};
		3C048D97297D90C600F72819 /* Frameworks */ = {
			isa = PBXFrameworksBuildPhase;
			buildActionMask = 2147483647;
			files = (
			);
			runOnlyForDeploymentPostprocessing = 0;
		};
/* End PBXFrameworksBuildPhase section */

/* Begin PBXGroup section */
		3C048D77297D90C500F72819 = {
			isa = PBXGroup;
			children = (
				3C048D82297D90C500F72819 /* Movve */,
				3C048D93297D90C600F72819 /* MovveTests */,
				3C048D9D297D90C600F72819 /* MovveUITests */,
				3C048D81297D90C500F72819 /* Products */,
			);
			sourceTree = "<group>";
		};
		3C048D81297D90C500F72819 /* Products */ = {
			isa = PBXGroup;
			children = (
				3C048D80297D90C500F72819 /* Movve.app */,
				3C048D90297D90C600F72819 /* MovveTests.xctest */,
				3C048D9A297D90C600F72819 /* MovveUITests.xctest */,
			);
			name = Products;
			sourceTree = "<group>";
		};
		3C048D82297D90C500F72819 /* Movve */ = {
			isa = PBXGroup;
			children = (
				3C048DB4297DA9E300F72819 /* API */,
				3C048D83297D90C500F72819 /* MovveApp.swift */,
				3C048D85297D90C500F72819 /* ContentView.swift */,
				3C048D87297D90C600F72819 /* Assets.xcassets */,
				3C048DAD297D925C00F72819 /* Modules */,
				3C048DAF297D928400F72819 /* Support */,
				3C048D89297D90C600F72819 /* Preview Content */,
			);
			path = Movve;
			sourceTree = "<group>";
		};
		3C048D89297D90C600F72819 /* Preview Content */ = {
			isa = PBXGroup;
			children = (
				3C048D8A297D90C600F72819 /* Preview Assets.xcassets */,
			);
			path = "Preview Content";
			sourceTree = "<group>";
		};
		3C048D93297D90C600F72819 /* MovveTests */ = {
			isa = PBXGroup;
			children = (
				3C048D94297D90C600F72819 /* MovveTests.swift */,
			);
			path = MovveTests;
			sourceTree = "<group>";
		};
		3C048D9D297D90C600F72819 /* MovveUITests */ = {
			isa = PBXGroup;
			children = (
				3C048D9E297D90C600F72819 /* MovveUITests.swift */,
				3C048DA0297D90C600F72819 /* MovveUITestsLaunchTests.swift */,
			);
			path = MovveUITests;
			sourceTree = "<group>";
		};
		3C048DAD297D925C00F72819 /* Modules */ = {
			isa = PBXGroup;
			children = (
				3CD67DAE298C0A11003EC3D6 /* WhosWatching */,
				3C9287B52981C9A1005801AA /* CreateUser */,
			);
			path = Modules;
			sourceTree = "<group>";
		};
		3C048DAF297D928400F72819 /* Support */ = {
			isa = PBXGroup;
			children = (
				3C488618297DFAD700353028 /* Extensions */,
				3C048DB0297D92B000F72819 /* Tokens */,
			);
			path = Support;
			sourceTree = "<group>";
		};
		3C048DB0297D92B000F72819 /* Tokens */ = {
			isa = PBXGroup;
			children = (
				3C048DB2297D92BF00F72819 /* Colors.swift */,
				3C9287AA2980C043005801AA /* Fonts.swift */,
			);
			path = Tokens;
			sourceTree = "<group>";
		};
		3C048DB4297DA9E300F72819 /* API */ = {
			isa = PBXGroup;
			children = (
				3C048DB5297DAA7100F72819 /* ServiceProvider.swift */,
				3C048DB7297DB07F00F72819 /* RequestProvider.swift */,
				3C048DB9297DB0D200F72819 /* HTTPMethod.swift */,
				3C048DBB297DB11900F72819 /* Host.swift */,
				3C488616297DBBEB00353028 /* APIError.swift */,
			);
			path = API;
			sourceTree = "<group>";
		};
		3C488618297DFAD700353028 /* Extensions */ = {
			isa = PBXGroup;
			children = (
				3C488619297DFAE600353028 /* Data+Decode.swift */,
			);
			path = Extensions;
			sourceTree = "<group>";
		};
		3C48861B297E00B400353028 /* UIComponents */ = {
			isa = PBXGroup;
			children = (
				3C9287AE2980C275005801AA /* Modifiers */,
			);
			path = UIComponents;
			sourceTree = "<group>";
		};
		3C488626297E05D700353028 /* Models */ = {
			isa = PBXGroup;
			children = (
				3C488629297E066200353028 /* User.swift */,
			);
			path = Models;
			sourceTree = "<group>";
		};
		3C9287AE2980C275005801AA /* Modifiers */ = {
			isa = PBXGroup;
			children = (
				3C9287B12980C3E4005801AA /* PrimaryButtonStyle.swift */,
				3C9287B32980C87E005801AA /* TextFieldModifier.swift */,
			);
			path = Modifiers;
			sourceTree = "<group>";
		};
		3C9287B52981C9A1005801AA /* CreateUser */ = {
			isa = PBXGroup;
			children = (
				3C48861B297E00B400353028 /* UIComponents */,
				3C488626297E05D700353028 /* Models */,
				3C9287B629835BA1005801AA /* CreateUserPresenter.swift */,
				3C9287B729835BA1005801AA /* CreateUserRouter.swift */,
				3C9287B829835BA1005801AA /* CreateUserInteractor.swift */,
				3C9287B929835BA1005801AA /* CreateUserView.swift */,
				3C9287BA29835BA1005801AA /* CreateUserModel.swift */,
				3C9287BB29835BA1005801AA /* CreateUserConfigurator.swift */,
				3C9287BC29835BA1005801AA /* CreateUserNetworkWorker.swift */,
				3C9287C4298361F1005801AA /* CreateUsetDataStore.swift */,
			);
			path = CreateUser;
			sourceTree = "<group>";
		};
		3CD67DAE298C0A11003EC3D6 /* WhosWatching */ = {
			isa = PBXGroup;
			children = (
				3CD67DAF298C0A3E003EC3D6 /* WhosWatchingPresenter.swift */,
				3CD67DB0298C0A3E003EC3D6 /* WhosWatchingRouter.swift */,
				3CD67DB1298C0A3E003EC3D6 /* WhosWatchingDataStore.swift */,
				3CD67DB2298C0A3E003EC3D6 /* WhosWatchingInteractor.swift */,
				3CD67DB3298C0A3E003EC3D6 /* WhosWatchingView.swift */,
				3CD67DB4298C0A3E003EC3D6 /* WhosWatchingModel.swift */,
				3CD67DB5298C0A3E003EC3D6 /* WhosWatchingConfigurator.swift */,
				3CD67DB6298C0A3E003EC3D6 /* WhosWatchingNetworkWorker.swift */,
			);
			path = WhosWatching;
			sourceTree = "<group>";
		};
/* End PBXGroup section */

/* Begin PBXNativeTarget section */
		3C048D7F297D90C500F72819 /* Movve */ = {
			isa = PBXNativeTarget;
			buildConfigurationList = 3C048DA4297D90C600F72819 /* Build configuration list for PBXNativeTarget "Movve" */;
			buildPhases = (
				3C048D7C297D90C500F72819 /* Sources */,
				3C048D7D297D90C500F72819 /* Frameworks */,
				3C048D7E297D90C500F72819 /* Resources */,
			);
			buildRules = (
			);
			dependencies = (
			);
			name = Movve;
			packageProductDependencies = (
				3C9287A62980A6E7005801AA /* Realm */,
				3C9287A82980A6E7005801AA /* RealmSwift */,
			);
			productName = Movve;
			productReference = 3C048D80297D90C500F72819 /* Movve.app */;
			productType = "com.apple.product-type.application";
		};
		3C048D8F297D90C600F72819 /* MovveTests */ = {
			isa = PBXNativeTarget;
			buildConfigurationList = 3C048DA7297D90C600F72819 /* Build configuration list for PBXNativeTarget "MovveTests" */;
			buildPhases = (
				3C048D8C297D90C600F72819 /* Sources */,
				3C048D8D297D90C600F72819 /* Frameworks */,
				3C048D8E297D90C600F72819 /* Resources */,
			);
			buildRules = (
			);
			dependencies = (
				3C048D92297D90C600F72819 /* PBXTargetDependency */,
			);
			name = MovveTests;
			productName = MovveTests;
			productReference = 3C048D90297D90C600F72819 /* MovveTests.xctest */;
			productType = "com.apple.product-type.bundle.unit-test";
		};
		3C048D99297D90C600F72819 /* MovveUITests */ = {
			isa = PBXNativeTarget;
			buildConfigurationList = 3C048DAA297D90C600F72819 /* Build configuration list for PBXNativeTarget "MovveUITests" */;
			buildPhases = (
				3C048D96297D90C600F72819 /* Sources */,
				3C048D97297D90C600F72819 /* Frameworks */,
				3C048D98297D90C600F72819 /* Resources */,
			);
			buildRules = (
			);
			dependencies = (
				3C048D9C297D90C600F72819 /* PBXTargetDependency */,
			);
			name = MovveUITests;
			productName = MovveUITests;
			productReference = 3C048D9A297D90C600F72819 /* MovveUITests.xctest */;
			productType = "com.apple.product-type.bundle.ui-testing";
		};
/* End PBXNativeTarget section */

/* Begin PBXProject section */
		3C048D78297D90C500F72819 /* Project object */ = {
			isa = PBXProject;
			attributes = {
				BuildIndependentTargetsInParallel = 1;
				LastSwiftUpdateCheck = 1400;
				LastUpgradeCheck = 1400;
				TargetAttributes = {
					3C048D7F297D90C500F72819 = {
						CreatedOnToolsVersion = 14.0;
					};
					3C048D8F297D90C600F72819 = {
						CreatedOnToolsVersion = 14.0;
						TestTargetID = 3C048D7F297D90C500F72819;
					};
					3C048D99297D90C600F72819 = {
						CreatedOnToolsVersion = 14.0;
						TestTargetID = 3C048D7F297D90C500F72819;
					};
				};
			};
			buildConfigurationList = 3C048D7B297D90C500F72819 /* Build configuration list for PBXProject "Movve" */;
			compatibilityVersion = "Xcode 14.0";
			developmentRegion = en;
			hasScannedForEncodings = 0;
			knownRegions = (
				en,
				Base,
			);
			mainGroup = 3C048D77297D90C500F72819;
			packageReferences = (
				3C9287A52980A6E7005801AA /* XCRemoteSwiftPackageReference "realm-swift" */,
			);
			productRefGroup = 3C048D81297D90C500F72819 /* Products */;
			projectDirPath = "";
			projectRoot = "";
			targets = (
				3C048D7F297D90C500F72819 /* Movve */,
				3C048D8F297D90C600F72819 /* MovveTests */,
				3C048D99297D90C600F72819 /* MovveUITests */,
			);
		};
/* End PBXProject section */

/* Begin PBXResourcesBuildPhase section */
		3C048D7E297D90C500F72819 /* Resources */ = {
			isa = PBXResourcesBuildPhase;
			buildActionMask = 2147483647;
			files = (
				3C048D8B297D90C600F72819 /* Preview Assets.xcassets in Resources */,
				3C048D88297D90C600F72819 /* Assets.xcassets in Resources */,
			);
			runOnlyForDeploymentPostprocessing = 0;
		};
		3C048D8E297D90C600F72819 /* Resources */ = {
			isa = PBXResourcesBuildPhase;
			buildActionMask = 2147483647;
			files = (
			);
			runOnlyForDeploymentPostprocessing = 0;
		};
		3C048D98297D90C600F72819 /* Resources */ = {
			isa = PBXResourcesBuildPhase;
			buildActionMask = 2147483647;
			files = (
			);
			runOnlyForDeploymentPostprocessing = 0;
		};
/* End PBXResourcesBuildPhase section */

/* Begin PBXSourcesBuildPhase section */
		3C048D7C297D90C500F72819 /* Sources */ = {
			isa = PBXSourcesBuildPhase;
			buildActionMask = 2147483647;
			files = (
				3C9287B22980C3E4005801AA /* PrimaryButtonStyle.swift in Sources */,
				3C9287C029835BA1005801AA /* CreateUserView.swift in Sources */,
				3C048DB6297DAA7100F72819 /* ServiceProvider.swift in Sources */,
				3CD67DB9298C0A3E003EC3D6 /* WhosWatchingDataStore.swift in Sources */,
				3CD67DBB298C0A3E003EC3D6 /* WhosWatchingView.swift in Sources */,
				3C9287C229835BA1005801AA /* CreateUserConfigurator.swift in Sources */,
				3C9287C129835BA1005801AA /* CreateUserModel.swift in Sources */,
				3CD67DBC298C0A3E003EC3D6 /* WhosWatchingModel.swift in Sources */,
				3CD67DBA298C0A3E003EC3D6 /* WhosWatchingInteractor.swift in Sources */,
				3C048DB8297DB07F00F72819 /* RequestProvider.swift in Sources */,
				3C9287AB2980C043005801AA /* Fonts.swift in Sources */,
				3C048DBC297DB11900F72819 /* Host.swift in Sources */,
				3CD67DB8298C0A3E003EC3D6 /* WhosWatchingRouter.swift in Sources */,
				3C048D86297D90C500F72819 /* ContentView.swift in Sources */,
				3C9287BE29835BA1005801AA /* CreateUserRouter.swift in Sources */,
				3C9287BF29835BA1005801AA /* CreateUserInteractor.swift in Sources */,
				3C48862A297E066200353028 /* User.swift in Sources */,
				3C9287BD29835BA1005801AA /* CreateUserPresenter.swift in Sources */,
				3C9287C329835BA1005801AA /* CreateUserNetworkWorker.swift in Sources */,
				3CD67DBE298C0A3E003EC3D6 /* WhosWatchingNetworkWorker.swift in Sources */,
				3CD67DB7298C0A3E003EC3D6 /* WhosWatchingPresenter.swift in Sources */,
				3C048DB3297D92BF00F72819 /* Colors.swift in Sources */,
				3C488617297DBBEB00353028 /* APIError.swift in Sources */,
				3C048DBA297DB0D200F72819 /* HTTPMethod.swift in Sources */,
				3C48861A297DFAE600353028 /* Data+Decode.swift in Sources */,
				3C9287B42980C87E005801AA /* TextFieldModifier.swift in Sources */,
				3C048D84297D90C500F72819 /* MovveApp.swift in Sources */,
				3CD67DBD298C0A3E003EC3D6 /* WhosWatchingConfigurator.swift in Sources */,
				3C9287C5298361F1005801AA /* CreateUsetDataStore.swift in Sources */,
			);
			runOnlyForDeploymentPostprocessing = 0;
		};
		3C048D8C297D90C600F72819 /* Sources */ = {
			isa = PBXSourcesBuildPhase;
			buildActionMask = 2147483647;
			files = (
				3C048D95297D90C600F72819 /* MovveTests.swift in Sources */,
			);
			runOnlyForDeploymentPostprocessing = 0;
		};
		3C048D96297D90C600F72819 /* Sources */ = {
			isa = PBXSourcesBuildPhase;
			buildActionMask = 2147483647;
			files = (
				3C048DA1297D90C600F72819 /* MovveUITestsLaunchTests.swift in Sources */,
				3C048D9F297D90C600F72819 /* MovveUITests.swift in Sources */,
			);
			runOnlyForDeploymentPostprocessing = 0;
		};
/* End PBXSourcesBuildPhase section */

/* Begin PBXTargetDependency section */
		3C048D92297D90C600F72819 /* PBXTargetDependency */ = {
			isa = PBXTargetDependency;
			target = 3C048D7F297D90C500F72819 /* Movve */;
			targetProxy = 3C048D91297D90C600F72819 /* PBXContainerItemProxy */;
		};
		3C048D9C297D90C600F72819 /* PBXTargetDependency */ = {
			isa = PBXTargetDependency;
			target = 3C048D7F297D90C500F72819 /* Movve */;
			targetProxy = 3C048D9B297D90C600F72819 /* PBXContainerItemProxy */;
		};
/* End PBXTargetDependency section */

/* Begin XCBuildConfiguration section */
		3C048DA2297D90C600F72819 /* Debug */ = {
			isa = XCBuildConfiguration;
			buildSettings = {
				ALWAYS_SEARCH_USER_PATHS = NO;
				CLANG_ANALYZER_NONNULL = YES;
				CLANG_ANALYZER_NUMBER_OBJECT_CONVERSION = YES_AGGRESSIVE;
				CLANG_CXX_LANGUAGE_STANDARD = "gnu++20";
				CLANG_ENABLE_MODULES = YES;
				CLANG_ENABLE_OBJC_ARC = YES;
				CLANG_ENABLE_OBJC_WEAK = YES;
				CLANG_WARN_BLOCK_CAPTURE_AUTORELEASING = YES;
				CLANG_WARN_BOOL_CONVERSION = YES;
				CLANG_WARN_COMMA = YES;
				CLANG_WARN_CONSTANT_CONVERSION = YES;
				CLANG_WARN_DEPRECATED_OBJC_IMPLEMENTATIONS = YES;
				CLANG_WARN_DIRECT_OBJC_ISA_USAGE = YES_ERROR;
				CLANG_WARN_DOCUMENTATION_COMMENTS = YES;
				CLANG_WARN_EMPTY_BODY = YES;
				CLANG_WARN_ENUM_CONVERSION = YES;
				CLANG_WARN_INFINITE_RECURSION = YES;
				CLANG_WARN_INT_CONVERSION = YES;
				CLANG_WARN_NON_LITERAL_NULL_CONVERSION = YES;
				CLANG_WARN_OBJC_IMPLICIT_RETAIN_SELF = YES;
				CLANG_WARN_OBJC_LITERAL_CONVERSION = YES;
				CLANG_WARN_OBJC_ROOT_CLASS = YES_ERROR;
				CLANG_WARN_QUOTED_INCLUDE_IN_FRAMEWORK_HEADER = YES;
				CLANG_WARN_RANGE_LOOP_ANALYSIS = YES;
				CLANG_WARN_STRICT_PROTOTYPES = YES;
				CLANG_WARN_SUSPICIOUS_MOVE = YES;
				CLANG_WARN_UNGUARDED_AVAILABILITY = YES_AGGRESSIVE;
				CLANG_WARN_UNREACHABLE_CODE = YES;
				CLANG_WARN__DUPLICATE_METHOD_MATCH = YES;
				COPY_PHASE_STRIP = NO;
				DEBUG_INFORMATION_FORMAT = dwarf;
				ENABLE_STRICT_OBJC_MSGSEND = YES;
				ENABLE_TESTABILITY = YES;
				GCC_C_LANGUAGE_STANDARD = gnu11;
				GCC_DYNAMIC_NO_PIC = NO;
				GCC_NO_COMMON_BLOCKS = YES;
				GCC_OPTIMIZATION_LEVEL = 0;
				GCC_PREPROCESSOR_DEFINITIONS = (
					"DEBUG=1",
					"$(inherited)",
				);
				GCC_WARN_64_TO_32_BIT_CONVERSION = YES;
				GCC_WARN_ABOUT_RETURN_TYPE = YES_ERROR;
				GCC_WARN_UNDECLARED_SELECTOR = YES;
				GCC_WARN_UNINITIALIZED_AUTOS = YES_AGGRESSIVE;
				GCC_WARN_UNUSED_FUNCTION = YES;
				GCC_WARN_UNUSED_VARIABLE = YES;
				IPHONEOS_DEPLOYMENT_TARGET = 16.0;
				MTL_ENABLE_DEBUG_INFO = INCLUDE_SOURCE;
				MTL_FAST_MATH = YES;
				ONLY_ACTIVE_ARCH = YES;
				SDKROOT = iphoneos;
				SWIFT_ACTIVE_COMPILATION_CONDITIONS = DEBUG;
				SWIFT_OPTIMIZATION_LEVEL = "-Onone";
			};
			name = Debug;
		};
		3C048DA3297D90C600F72819 /* Release */ = {
			isa = XCBuildConfiguration;
			buildSettings = {
				ALWAYS_SEARCH_USER_PATHS = NO;
				CLANG_ANALYZER_NONNULL = YES;
				CLANG_ANALYZER_NUMBER_OBJECT_CONVERSION = YES_AGGRESSIVE;
				CLANG_CXX_LANGUAGE_STANDARD = "gnu++20";
				CLANG_ENABLE_MODULES = YES;
				CLANG_ENABLE_OBJC_ARC = YES;
				CLANG_ENABLE_OBJC_WEAK = YES;
				CLANG_WARN_BLOCK_CAPTURE_AUTORELEASING = YES;
				CLANG_WARN_BOOL_CONVERSION = YES;
				CLANG_WARN_COMMA = YES;
				CLANG_WARN_CONSTANT_CONVERSION = YES;
				CLANG_WARN_DEPRECATED_OBJC_IMPLEMENTATIONS = YES;
				CLANG_WARN_DIRECT_OBJC_ISA_USAGE = YES_ERROR;
				CLANG_WARN_DOCUMENTATION_COMMENTS = YES;
				CLANG_WARN_EMPTY_BODY = YES;
				CLANG_WARN_ENUM_CONVERSION = YES;
				CLANG_WARN_INFINITE_RECURSION = YES;
				CLANG_WARN_INT_CONVERSION = YES;
				CLANG_WARN_NON_LITERAL_NULL_CONVERSION = YES;
				CLANG_WARN_OBJC_IMPLICIT_RETAIN_SELF = YES;
				CLANG_WARN_OBJC_LITERAL_CONVERSION = YES;
				CLANG_WARN_OBJC_ROOT_CLASS = YES_ERROR;
				CLANG_WARN_QUOTED_INCLUDE_IN_FRAMEWORK_HEADER = YES;
				CLANG_WARN_RANGE_LOOP_ANALYSIS = YES;
				CLANG_WARN_STRICT_PROTOTYPES = YES;
				CLANG_WARN_SUSPICIOUS_MOVE = YES;
				CLANG_WARN_UNGUARDED_AVAILABILITY = YES_AGGRESSIVE;
				CLANG_WARN_UNREACHABLE_CODE = YES;
				CLANG_WARN__DUPLICATE_METHOD_MATCH = YES;
				COPY_PHASE_STRIP = NO;
				DEBUG_INFORMATION_FORMAT = "dwarf-with-dsym";
				ENABLE_NS_ASSERTIONS = NO;
				ENABLE_STRICT_OBJC_MSGSEND = YES;
				GCC_C_LANGUAGE_STANDARD = gnu11;
				GCC_NO_COMMON_BLOCKS = YES;
				GCC_WARN_64_TO_32_BIT_CONVERSION = YES;
				GCC_WARN_ABOUT_RETURN_TYPE = YES_ERROR;
				GCC_WARN_UNDECLARED_SELECTOR = YES;
				GCC_WARN_UNINITIALIZED_AUTOS = YES_AGGRESSIVE;
				GCC_WARN_UNUSED_FUNCTION = YES;
				GCC_WARN_UNUSED_VARIABLE = YES;
				IPHONEOS_DEPLOYMENT_TARGET = 16.0;
				MTL_ENABLE_DEBUG_INFO = NO;
				MTL_FAST_MATH = YES;
				SDKROOT = iphoneos;
				SWIFT_COMPILATION_MODE = wholemodule;
				SWIFT_OPTIMIZATION_LEVEL = "-O";
				VALIDATE_PRODUCT = YES;
			};
			name = Release;
		};
		3C048DA5297D90C600F72819 /* Debug */ = {
			isa = XCBuildConfiguration;
			buildSettings = {
				ASSETCATALOG_COMPILER_APPICON_NAME = AppIcon;
				ASSETCATALOG_COMPILER_GLOBAL_ACCENT_COLOR_NAME = AccentColor;
				CODE_SIGN_STYLE = Automatic;
				CURRENT_PROJECT_VERSION = 1;
				DEVELOPMENT_ASSET_PATHS = "\"Movve/Preview Content\"";
				DEVELOPMENT_TEAM = 77PUJX2KMA;
				ENABLE_PREVIEWS = YES;
				GENERATE_INFOPLIST_FILE = YES;
				INFOPLIST_KEY_UIApplicationSceneManifest_Generation = YES;
				INFOPLIST_KEY_UIApplicationSupportsIndirectInputEvents = YES;
				INFOPLIST_KEY_UILaunchScreen_Generation = YES;
				INFOPLIST_KEY_UISupportedInterfaceOrientations_iPad = "UIInterfaceOrientationPortrait UIInterfaceOrientationPortraitUpsideDown UIInterfaceOrientationLandscapeLeft UIInterfaceOrientationLandscapeRight";
				INFOPLIST_KEY_UISupportedInterfaceOrientations_iPhone = "UIInterfaceOrientationPortrait UIInterfaceOrientationLandscapeLeft UIInterfaceOrientationLandscapeRight";
				LD_RUNPATH_SEARCH_PATHS = (
					"$(inherited)",
					"@executable_path/Frameworks",
				);
				MARKETING_VERSION = 1.0;
				PRODUCT_BUNDLE_IDENTIFIER = com.vinicius.Movve;
				PRODUCT_NAME = "$(TARGET_NAME)";
				SWIFT_EMIT_LOC_STRINGS = YES;
				SWIFT_VERSION = 5.0;
				TARGETED_DEVICE_FAMILY = "1,2";
			};
			name = Debug;
		};
		3C048DA6297D90C600F72819 /* Release */ = {
			isa = XCBuildConfiguration;
			buildSettings = {
				ASSETCATALOG_COMPILER_APPICON_NAME = AppIcon;
				ASSETCATALOG_COMPILER_GLOBAL_ACCENT_COLOR_NAME = AccentColor;
				CODE_SIGN_STYLE = Automatic;
				CURRENT_PROJECT_VERSION = 1;
				DEVELOPMENT_ASSET_PATHS = "\"Movve/Preview Content\"";
				DEVELOPMENT_TEAM = 77PUJX2KMA;
				ENABLE_PREVIEWS = YES;
				GENERATE_INFOPLIST_FILE = YES;
				INFOPLIST_KEY_UIApplicationSceneManifest_Generation = YES;
				INFOPLIST_KEY_UIApplicationSupportsIndirectInputEvents = YES;
				INFOPLIST_KEY_UILaunchScreen_Generation = YES;
				INFOPLIST_KEY_UISupportedInterfaceOrientations_iPad = "UIInterfaceOrientationPortrait UIInterfaceOrientationPortraitUpsideDown UIInterfaceOrientationLandscapeLeft UIInterfaceOrientationLandscapeRight";
				INFOPLIST_KEY_UISupportedInterfaceOrientations_iPhone = "UIInterfaceOrientationPortrait UIInterfaceOrientationLandscapeLeft UIInterfaceOrientationLandscapeRight";
				LD_RUNPATH_SEARCH_PATHS = (
					"$(inherited)",
					"@executable_path/Frameworks",
				);
				MARKETING_VERSION = 1.0;
				PRODUCT_BUNDLE_IDENTIFIER = com.vinicius.Movve;
				PRODUCT_NAME = "$(TARGET_NAME)";
				SWIFT_EMIT_LOC_STRINGS = YES;
				SWIFT_VERSION = 5.0;
				TARGETED_DEVICE_FAMILY = "1,2";
			};
			name = Release;
		};
		3C048DA8297D90C600F72819 /* Debug */ = {
			isa = XCBuildConfiguration;
			buildSettings = {
				ALWAYS_EMBED_SWIFT_STANDARD_LIBRARIES = YES;
				BUNDLE_LOADER = "$(TEST_HOST)";
				CODE_SIGN_STYLE = Automatic;
				CURRENT_PROJECT_VERSION = 1;
				DEVELOPMENT_TEAM = 77PUJX2KMA;
				GENERATE_INFOPLIST_FILE = YES;
				IPHONEOS_DEPLOYMENT_TARGET = 16.0;
				MARKETING_VERSION = 1.0;
				PRODUCT_BUNDLE_IDENTIFIER = com.vinicius.MovveTests;
				PRODUCT_NAME = "$(TARGET_NAME)";
				SWIFT_EMIT_LOC_STRINGS = NO;
				SWIFT_VERSION = 5.0;
				TARGETED_DEVICE_FAMILY = "1,2";
				TEST_HOST = "$(BUILT_PRODUCTS_DIR)/Movve.app/$(BUNDLE_EXECUTABLE_FOLDER_PATH)/Movve";
			};
			name = Debug;
		};
		3C048DA9297D90C600F72819 /* Release */ = {
			isa = XCBuildConfiguration;
			buildSettings = {
				ALWAYS_EMBED_SWIFT_STANDARD_LIBRARIES = YES;
				BUNDLE_LOADER = "$(TEST_HOST)";
				CODE_SIGN_STYLE = Automatic;
				CURRENT_PROJECT_VERSION = 1;
				DEVELOPMENT_TEAM = 77PUJX2KMA;
				GENERATE_INFOPLIST_FILE = YES;
				IPHONEOS_DEPLOYMENT_TARGET = 16.0;
				MARKETING_VERSION = 1.0;
				PRODUCT_BUNDLE_IDENTIFIER = com.vinicius.MovveTests;
				PRODUCT_NAME = "$(TARGET_NAME)";
				SWIFT_EMIT_LOC_STRINGS = NO;
				SWIFT_VERSION = 5.0;
				TARGETED_DEVICE_FAMILY = "1,2";
				TEST_HOST = "$(BUILT_PRODUCTS_DIR)/Movve.app/$(BUNDLE_EXECUTABLE_FOLDER_PATH)/Movve";
			};
			name = Release;
		};
		3C048DAB297D90C600F72819 /* Debug */ = {
			isa = XCBuildConfiguration;
			buildSettings = {
				ALWAYS_EMBED_SWIFT_STANDARD_LIBRARIES = YES;
				CODE_SIGN_STYLE = Automatic;
				CURRENT_PROJECT_VERSION = 1;
				DEVELOPMENT_TEAM = 77PUJX2KMA;
				GENERATE_INFOPLIST_FILE = YES;
				MARKETING_VERSION = 1.0;
				PRODUCT_BUNDLE_IDENTIFIER = com.vinicius.MovveUITests;
				PRODUCT_NAME = "$(TARGET_NAME)";
				SWIFT_EMIT_LOC_STRINGS = NO;
				SWIFT_VERSION = 5.0;
				TARGETED_DEVICE_FAMILY = "1,2";
				TEST_TARGET_NAME = Movve;
			};
			name = Debug;
		};
		3C048DAC297D90C600F72819 /* Release */ = {
			isa = XCBuildConfiguration;
			buildSettings = {
				ALWAYS_EMBED_SWIFT_STANDARD_LIBRARIES = YES;
				CODE_SIGN_STYLE = Automatic;
				CURRENT_PROJECT_VERSION = 1;
				DEVELOPMENT_TEAM = 77PUJX2KMA;
				GENERATE_INFOPLIST_FILE = YES;
				MARKETING_VERSION = 1.0;
				PRODUCT_BUNDLE_IDENTIFIER = com.vinicius.MovveUITests;
				PRODUCT_NAME = "$(TARGET_NAME)";
				SWIFT_EMIT_LOC_STRINGS = NO;
				SWIFT_VERSION = 5.0;
				TARGETED_DEVICE_FAMILY = "1,2";
				TEST_TARGET_NAME = Movve;
			};
			name = Release;
		};
/* End XCBuildConfiguration section */

/* Begin XCConfigurationList section */
		3C048D7B297D90C500F72819 /* Build configuration list for PBXProject "Movve" */ = {
			isa = XCConfigurationList;
			buildConfigurations = (
				3C048DA2297D90C600F72819 /* Debug */,
				3C048DA3297D90C600F72819 /* Release */,
			);
			defaultConfigurationIsVisible = 0;
			defaultConfigurationName = Release;
		};
		3C048DA4297D90C600F72819 /* Build configuration list for PBXNativeTarget "Movve" */ = {
			isa = XCConfigurationList;
			buildConfigurations = (
				3C048DA5297D90C600F72819 /* Debug */,
				3C048DA6297D90C600F72819 /* Release */,
			);
			defaultConfigurationIsVisible = 0;
			defaultConfigurationName = Release;
		};
		3C048DA7297D90C600F72819 /* Build configuration list for PBXNativeTarget "MovveTests" */ = {
			isa = XCConfigurationList;
			buildConfigurations = (
				3C048DA8297D90C600F72819 /* Debug */,
				3C048DA9297D90C600F72819 /* Release */,
			);
			defaultConfigurationIsVisible = 0;
			defaultConfigurationName = Release;
		};
		3C048DAA297D90C600F72819 /* Build configuration list for PBXNativeTarget "MovveUITests" */ = {
			isa = XCConfigurationList;
			buildConfigurations = (
				3C048DAB297D90C600F72819 /* Debug */,
				3C048DAC297D90C600F72819 /* Release */,
			);
			defaultConfigurationIsVisible = 0;
			defaultConfigurationName = Release;
		};
/* End XCConfigurationList section */

/* Begin XCRemoteSwiftPackageReference section */
		3C9287A52980A6E7005801AA /* XCRemoteSwiftPackageReference "realm-swift" */ = {
			isa = XCRemoteSwiftPackageReference;
			repositoryURL = "https://github.com/realm/realm-swift";
			requirement = {
				kind = upToNextMajorVersion;
				minimumVersion = 10.25.0;
			};
		};
/* End XCRemoteSwiftPackageReference section */

/* Begin XCSwiftPackageProductDependency section */
		3C9287A62980A6E7005801AA /* Realm */ = {
			isa = XCSwiftPackageProductDependency;
			package = 3C9287A52980A6E7005801AA /* XCRemoteSwiftPackageReference "realm-swift" */;
			productName = Realm;
		};
		3C9287A82980A6E7005801AA /* RealmSwift */ = {
			isa = XCSwiftPackageProductDependency;
			package = 3C9287A52980A6E7005801AA /* XCRemoteSwiftPackageReference "realm-swift" */;
			productName = RealmSwift;
		};
/* End XCSwiftPackageProductDependency section */
	};
	rootObject = 3C048D78297D90C500F72819 /* Project object */;
}
